// !$*UTF8*$!
{
	archiveVersion = 1;
	classes = {
	};
	objectVersion = 46;
	objects = {

/* Begin PBXBuildFile section */
		0C89E1EFD66B8BA656B29C16 /* libPods.a in Frameworks */ = {isa = PBXBuildFile; fileRef = 3D1FF309354FD26070B88806 /* libPods.a */; };
		BC3969681C22547400347994 /* GCLoginController.m in Sources */ = {isa = PBXBuildFile; fileRef = BC3969661C22547400347994 /* GCLoginController.m */; };
		BC3969691C22547400347994 /* GCLoginController.xib in Resources */ = {isa = PBXBuildFile; fileRef = BC3969671C22547400347994 /* GCLoginController.xib */; };
		BC39696B1C225BA600347994 /* login.png in Resources */ = {isa = PBXBuildFile; fileRef = BC39696A1C225BA600347994 /* login.png */; };
		BC39696D1C225C6000347994 /* HR_login_textBg.png in Resources */ = {isa = PBXBuildFile; fileRef = BC39696C1C225C6000347994 /* HR_login_textBg.png */; };
		BC39696F1C2261FA00347994 /* HR_login_btn.png in Resources */ = {isa = PBXBuildFile; fileRef = BC39696E1C2261FA00347994 /* HR_login_btn.png */; };
		BC3969711C2268CF00347994 /* HR_login_btnBg.png in Resources */ = {isa = PBXBuildFile; fileRef = BC3969701C2268CF00347994 /* HR_login_btnBg.png */; };
		BC3969741C2268F300347994 /* HR_login_qq.png in Resources */ = {isa = PBXBuildFile; fileRef = BC3969721C2268F300347994 /* HR_login_qq.png */; };
		BC3969751C2268F300347994 /* HR_login_sina.png in Resources */ = {isa = PBXBuildFile; fileRef = BC3969731C2268F300347994 /* HR_login_sina.png */; };
		BC3969781C22A1E700347994 /* GCAddController.m in Sources */ = {isa = PBXBuildFile; fileRef = BC3969771C22A1E700347994 /* GCAddController.m */; };
		BC470E951C17B9D4004DA99E /* main.m in Sources */ = {isa = PBXBuildFile; fileRef = BC470E941C17B9D4004DA99E /* main.m */; };
		BC470E981C17B9D5004DA99E /* AppDelegate.m in Sources */ = {isa = PBXBuildFile; fileRef = BC470E971C17B9D5004DA99E /* AppDelegate.m */; };
		BC470E9E1C17B9D5004DA99E /* Main.storyboard in Resources */ = {isa = PBXBuildFile; fileRef = BC470E9C1C17B9D5004DA99E /* Main.storyboard */; };
		BC470EA01C17B9D5004DA99E /* Images.xcassets in Resources */ = {isa = PBXBuildFile; fileRef = BC470E9F1C17B9D5004DA99E /* Images.xcassets */; };
		BC470EA31C17B9D5004DA99E /* LaunchScreen.xib in Resources */ = {isa = PBXBuildFile; fileRef = BC470EA11C17B9D5004DA99E /* LaunchScreen.xib */; };
		BC470EAF1C17B9D5004DA99E /* GCMUMUTests.m in Sources */ = {isa = PBXBuildFile; fileRef = BC470EAE1C17B9D5004DA99E /* GCMUMUTests.m */; };
		BC470ECF1C17CF95004DA99E /* GCTabBarController.m in Sources */ = {isa = PBXBuildFile; fileRef = BC470ECE1C17CF95004DA99E /* GCTabBarController.m */; };
		BC470ED21C17CFE0004DA99E /* GCNavigationController.m in Sources */ = {isa = PBXBuildFile; fileRef = BC470ED11C17CFE0004DA99E /* GCNavigationController.m */; };
		BC470ED51C17CFF4004DA99E /* GCBaseController.m in Sources */ = {isa = PBXBuildFile; fileRef = BC470ED41C17CFF4004DA99E /* GCBaseController.m */; };
		BC470ED81C17D03D004DA99E /* GCDiscoverController.m in Sources */ = {isa = PBXBuildFile; fileRef = BC470ED71C17D03D004DA99E /* GCDiscoverController.m */; };
		BC470EDB1C17D05D004DA99E /* GCSessionController.m in Sources */ = {isa = PBXBuildFile; fileRef = BC470EDA1C17D05D004DA99E /* GCSessionController.m */; };
		BC470EDE1C17D071004DA99E /* GCProfileController.m in Sources */ = {isa = PBXBuildFile; fileRef = BC470EDD1C17D071004DA99E /* GCProfileController.m */; };
		BC470EEA1C1800A8004DA99E /* Localizable.strings in Resources */ = {isa = PBXBuildFile; fileRef = BC470EEC1C1800A8004DA99E /* Localizable.strings */; };
		BC470EF31C1807DA004DA99E /* ORProgressHUD.bundle in Resources */ = {isa = PBXBuildFile; fileRef = BC470EF01C1807DA004DA99E /* ORProgressHUD.bundle */; };
		BC470EF41C1807DA004DA99E /* ORProgressHUD.m in Sources */ = {isa = PBXBuildFile; fileRef = BC470EF21C1807DA004DA99E /* ORProgressHUD.m */; };
		BC470F2D1C194E5B004DA99E /* GCSlidingMenuController.m in Sources */ = {isa = PBXBuildFile; fileRef = BC470F2C1C194E5B004DA99E /* GCSlidingMenuController.m */; };
		BC470F431C195141004DA99E /* tabbar_badge@2x.png in Resources */ = {isa = PBXBuildFile; fileRef = BC470F301C195141004DA99E /* tabbar_badge@2x.png */; };
		BC470F441C195141004DA99E /* tabbar_badge@3x.png in Resources */ = {isa = PBXBuildFile; fileRef = BC470F311C195141004DA99E /* tabbar_badge@3x.png */; };
		BC470F451C195141004DA99E /* tabbar_contacts@2x.png in Resources */ = {isa = PBXBuildFile; fileRef = BC470F321C195141004DA99E /* tabbar_contacts@2x.png */; };
		BC470F461C195141004DA99E /* tabbar_contacts@3x.png in Resources */ = {isa = PBXBuildFile; fileRef = BC470F331C195141004DA99E /* tabbar_contacts@3x.png */; };
		BC470F471C195141004DA99E /* tabbar_contactsHL@2x.png in Resources */ = {isa = PBXBuildFile; fileRef = BC470F341C195141004DA99E /* tabbar_contactsHL@2x.png */; };
		BC470F481C195141004DA99E /* tabbar_contactsHL@3x.png in Resources */ = {isa = PBXBuildFile; fileRef = BC470F351C195141004DA99E /* tabbar_contactsHL@3x.png */; };
		BC470F491C195141004DA99E /* tabbar_discover@2x.png in Resources */ = {isa = PBXBuildFile; fileRef = BC470F361C195141004DA99E /* tabbar_discover@2x.png */; };
		BC470F4A1C195141004DA99E /* tabbar_discover@3x.png in Resources */ = {isa = PBXBuildFile; fileRef = BC470F371C195141004DA99E /* tabbar_discover@3x.png */; };
		BC470F4B1C195141004DA99E /* tabbar_discoverHL@2x.png in Resources */ = {isa = PBXBuildFile; fileRef = BC470F381C195141004DA99E /* tabbar_discoverHL@2x.png */; };
		BC470F4C1C195141004DA99E /* tabbar_discoverHL@3x.png in Resources */ = {isa = PBXBuildFile; fileRef = BC470F391C195141004DA99E /* tabbar_discoverHL@3x.png */; };
		BC470F4D1C195141004DA99E /* tabbar_mainframe@2x.png in Resources */ = {isa = PBXBuildFile; fileRef = BC470F3A1C195141004DA99E /* tabbar_mainframe@2x.png */; };
		BC470F4E1C195141004DA99E /* tabbar_mainframe@3x.png in Resources */ = {isa = PBXBuildFile; fileRef = BC470F3B1C195141004DA99E /* tabbar_mainframe@3x.png */; };
		BC470F4F1C195141004DA99E /* tabbar_mainframeHL@2x.png in Resources */ = {isa = PBXBuildFile; fileRef = BC470F3C1C195141004DA99E /* tabbar_mainframeHL@2x.png */; };
		BC470F501C195141004DA99E /* tabbar_mainframeHL@3x.png in Resources */ = {isa = PBXBuildFile; fileRef = BC470F3D1C195141004DA99E /* tabbar_mainframeHL@3x.png */; };
		BC470F511C195141004DA99E /* tabbar_me@2x.png in Resources */ = {isa = PBXBuildFile; fileRef = BC470F3E1C195141004DA99E /* tabbar_me@2x.png */; };
		BC470F521C195141004DA99E /* tabbar_me@3x.png in Resources */ = {isa = PBXBuildFile; fileRef = BC470F3F1C195141004DA99E /* tabbar_me@3x.png */; };
		BC470F531C195141004DA99E /* tabbar_meHL@2x.png in Resources */ = {isa = PBXBuildFile; fileRef = BC470F401C195141004DA99E /* tabbar_meHL@2x.png */; };
		BC470F541C195141004DA99E /* tabbar_meHL@3x.png in Resources */ = {isa = PBXBuildFile; fileRef = BC470F411C195141004DA99E /* tabbar_meHL@3x.png */; };
		BC470F551C195141004DA99E /* tabbarBkg@2x.png in Resources */ = {isa = PBXBuildFile; fileRef = BC470F421C195141004DA99E /* tabbarBkg@2x.png */; };
		BC470F581C1953E6004DA99E /* GCTabBar.m in Sources */ = {isa = PBXBuildFile; fileRef = BC470F571C1953E6004DA99E /* GCTabBar.m */; };
		BC470F5B1C195483004DA99E /* GCTabBarButton.m in Sources */ = {isa = PBXBuildFile; fileRef = BC470F5A1C195483004DA99E /* GCTabBarButton.m */; };
		BC470F661C195ADC004DA99E /* LaunchImage-568h@2x.png in Resources */ = {isa = PBXBuildFile; fileRef = BC470F5D1C195ADC004DA99E /* LaunchImage-568h@2x.png */; };
		BC470F671C195ADC004DA99E /* LaunchImage-700-568h@2x.png in Resources */ = {isa = PBXBuildFile; fileRef = BC470F5E1C195ADC004DA99E /* LaunchImage-700-568h@2x.png */; };
		BC470F681C195ADC004DA99E /* LaunchImage-700-Portrait@2x~ipad.png in Resources */ = {isa = PBXBuildFile; fileRef = BC470F5F1C195ADC004DA99E /* LaunchImage-700-Portrait@2x~ipad.png */; };
		BC470F691C195ADC004DA99E /* LaunchImage-700@2x.png in Resources */ = {isa = PBXBuildFile; fileRef = BC470F601C195ADC004DA99E /* LaunchImage-700@2x.png */; };
		BC470F6A1C195ADC004DA99E /* LaunchImage-800-667h@2x.png in Resources */ = {isa = PBXBuildFile; fileRef = BC470F611C195ADC004DA99E /* LaunchImage-800-667h@2x.png */; };
		BC470F6B1C195ADC004DA99E /* LaunchImage-800-Portrait-736h@3x.png in Resources */ = {isa = PBXBuildFile; fileRef = BC470F621C195ADC004DA99E /* LaunchImage-800-Portrait-736h@3x.png */; };
		BC470F6C1C195ADC004DA99E /* LaunchImage-Portrait@2x~ipad.png in Resources */ = {isa = PBXBuildFile; fileRef = BC470F631C195ADC004DA99E /* LaunchImage-Portrait@2x~ipad.png */; };
		BC470F6D1C195ADC004DA99E /* LaunchImage.png in Resources */ = {isa = PBXBuildFile; fileRef = BC470F641C195ADC004DA99E /* LaunchImage.png */; };
		BC470F6E1C195ADC004DA99E /* LaunchImage@2x.png in Resources */ = {isa = PBXBuildFile; fileRef = BC470F651C195ADC004DA99E /* LaunchImage@2x.png */; };
		BC470F711C195B9B004DA99E /* group_remind_bg@2x.png in Resources */ = {isa = PBXBuildFile; fileRef = BC470F701C195B9B004DA99E /* group_remind_bg@2x.png */; };
		BC470F731C19624E004DA99E /* HR_border.png in Resources */ = {isa = PBXBuildFile; fileRef = BC470F721C19624E004DA99E /* HR_border.png */; };
		BC470F751C19625B004DA99E /* HR_scan_line.png in Resources */ = {isa = PBXBuildFile; fileRef = BC470F741C19625B004DA99E /* HR_scan_line.png */; };
		BC470F771C19628C004DA99E /* class.png in Resources */ = {isa = PBXBuildFile; fileRef = BC470F761C19628C004DA99E /* class.png */; };
		BC470F791C1962A6004DA99E /* Nav_qrcode@2x.png in Resources */ = {isa = PBXBuildFile; fileRef = BC470F781C1962A6004DA99E /* Nav_qrcode@2x.png */; };
		BC470F7C1C19649F004DA99E /* GCQrCodeController.m in Sources */ = {isa = PBXBuildFile; fileRef = BC470F7B1C19649F004DA99E /* GCQrCodeController.m */; };
		BC757B051C2CE01C00D4BF76 /* GCGuideController.m in Sources */ = {isa = PBXBuildFile; fileRef = BC757B041C2CE01C00D4BF76 /* GCGuideController.m */; };
		BC757B091C2CE60400D4BF76 /* mm.png in Resources */ = {isa = PBXBuildFile; fileRef = BC757B081C2CE60400D4BF76 /* mm.png */; };
		BC757B0D1C2CED8000D4BF76 /* GCRegisterController.m in Sources */ = {isa = PBXBuildFile; fileRef = BC757B0B1C2CED8000D4BF76 /* GCRegisterController.m */; };
		BC757B0E1C2CED8000D4BF76 /* GCRegisterController.xib in Resources */ = {isa = PBXBuildFile; fileRef = BC757B0C1C2CED8000D4BF76 /* GCRegisterController.xib */; };
		BCDF83D01C27A64B00ACD1FC /* Friend.m in Sources */ = {isa = PBXBuildFile; fileRef = BCDF83CF1C27A64B00ACD1FC /* Friend.m */; };
		BCDF83D41C27A8BD00ACD1FC /* GCDiscoverCell.m in Sources */ = {isa = PBXBuildFile; fileRef = BCDF83D21C27A8BD00ACD1FC /* GCDiscoverCell.m */; };
		BCDF83D51C27A8BD00ACD1FC /* GCDiscoverCell.xib in Resources */ = {isa = PBXBuildFile; fileRef = BCDF83D31C27A8BD00ACD1FC /* GCDiscoverCell.xib */; };
		BCDF83D81C27AD3A00ACD1FC /* GCInfo.m in Sources */ = {isa = PBXBuildFile; fileRef = BCDF83D71C27AD3A00ACD1FC /* GCInfo.m */; };
		BCDF83E61C27B1FB00ACD1FC /* food@2x.png in Resources */ = {isa = PBXBuildFile; fileRef = BCDF83DA1C27B1FB00ACD1FC /* food@2x.png */; };
		BCDF83E71C27B1FB00ACD1FC /* food@3x.png in Resources */ = {isa = PBXBuildFile; fileRef = BCDF83DB1C27B1FB00ACD1FC /* food@3x.png */; };
		BCDF83E81C27B1FB00ACD1FC /* game_level1@2x.png in Resources */ = {isa = PBXBuildFile; fileRef = BCDF83DC1C27B1FB00ACD1FC /* game_level1@2x.png */; };
		BCDF83E91C27B1FB00ACD1FC /* game_level2@2x.png in Resources */ = {isa = PBXBuildFile; fileRef = BCDF83DD1C27B1FB00ACD1FC /* game_level2@2x.png */; };
		BCDF83EA1C27B1FB00ACD1FC /* game_level3@2x.png in Resources */ = {isa = PBXBuildFile; fileRef = BCDF83DE1C27B1FB00ACD1FC /* game_level3@2x.png */; };
		BCDF83EB1C27B1FB00ACD1FC /* game_level4@2x.png in Resources */ = {isa = PBXBuildFile; fileRef = BCDF83DF1C27B1FB00ACD1FC /* game_level4@2x.png */; };
		BCDF83EC1C27B1FB00ACD1FC /* location_detail@2x.png in Resources */ = {isa = PBXBuildFile; fileRef = BCDF83E01C27B1FB00ACD1FC /* location_detail@2x.png */; };
		BCDF83ED1C27B1FB00ACD1FC /* location_detail@3x.png in Resources */ = {isa = PBXBuildFile; fileRef = BCDF83E11C27B1FB00ACD1FC /* location_detail@3x.png */; };
		BCDF83EE1C27B1FB00ACD1FC /* Location_HL@2x.png in Resources */ = {isa = PBXBuildFile; fileRef = BCDF83E21C27B1FB00ACD1FC /* Location_HL@2x.png */; };
		BCDF83EF1C27B1FB00ACD1FC /* ShowAlbum@2x.png in Resources */ = {isa = PBXBuildFile; fileRef = BCDF83E31C27B1FB00ACD1FC /* ShowAlbum@2x.png */; };
		BCDF83F01C27B1FB00ACD1FC /* ShowAlbum@3x.png in Resources */ = {isa = PBXBuildFile; fileRef = BCDF83E41C27B1FB00ACD1FC /* ShowAlbum@3x.png */; };
		BCDF83F11C27B1FB00ACD1FC /* video@2x.png in Resources */ = {isa = PBXBuildFile; fileRef = BCDF83E51C27B1FB00ACD1FC /* video@2x.png */; };
		BCDF83F31C27CEEE00ACD1FC /* qrcode@2x.png in Resources */ = {isa = PBXBuildFile; fileRef = BCDF83F21C27CEEE00ACD1FC /* qrcode@2x.png */; };
		BCDF83F61C27D79400ACD1FC /* addgroup@2x.png in Resources */ = {isa = PBXBuildFile; fileRef = BCDF83F41C27D79400ACD1FC /* addgroup@2x.png */; };
		BCDF83F71C27D79400ACD1FC /* addgroup@3x.png in Resources */ = {isa = PBXBuildFile; fileRef = BCDF83F51C27D79400ACD1FC /* addgroup@3x.png */; };
		BCDF83F91C27DAD200ACD1FC /* ff_IconAdd@2x.png in Resources */ = {isa = PBXBuildFile; fileRef = BCDF83F81C27DAD200ACD1FC /* ff_IconAdd@2x.png */; };
		BCDF83FD1C27DD8400ACD1FC /* FriendCell.m in Sources */ = {isa = PBXBuildFile; fileRef = BCDF83FB1C27DD8400ACD1FC /* FriendCell.m */; };
		BCDF83FE1C27DD8400ACD1FC /* FriendCell.xib in Resources */ = {isa = PBXBuildFile; fileRef = BCDF83FC1C27DD8400ACD1FC /* FriendCell.xib */; };
		BCDF84011C27FB5900ACD1FC /* GCNewFriendController.m in Sources */ = {isa = PBXBuildFile; fileRef = BCDF84001C27FB5900ACD1FC /* GCNewFriendController.m */; };
		BCDF84081C28284000ACD1FC /* GCConversionCell.m in Sources */ = {isa = PBXBuildFile; fileRef = BCDF84061C28284000ACD1FC /* GCConversionCell.m */; };
		BCDF84091C28284000ACD1FC /* GCConversionCell.xib in Resources */ = {isa = PBXBuildFile; fileRef = BCDF84071C28284000ACD1FC /* GCConversionCell.xib */; };
		BCDF840D1C28F33C00ACD1FC /* MoreSetting@2x.png in Resources */ = {isa = PBXBuildFile; fileRef = BCDF840B1C28F33C00ACD1FC /* MoreSetting@2x.png */; };
		BCDF840E1C28F33C00ACD1FC /* MoreSetting@3x.png in Resources */ = {isa = PBXBuildFile; fileRef = BCDF840C1C28F33C00ACD1FC /* MoreSetting@3x.png */; };
		BCDF84121C29006500ACD1FC /* GCChatController.m in Sources */ = {isa = PBXBuildFile; fileRef = BCDF84101C29006500ACD1FC /* GCChatController.m */; };
		BCE1335C1C2939D5000D0E7C /* GCChatBottomView.m in Sources */ = {isa = PBXBuildFile; fileRef = BCE1335B1C2939D5000D0E7C /* GCChatBottomView.m */; };
		BCE1335E1C2939E6000D0E7C /* GCChatBottomView.xib in Resources */ = {isa = PBXBuildFile; fileRef = BCE1335D1C2939E6000D0E7C /* GCChatBottomView.xib */; };
		BCE133971C2A4F30000D0E7C /* GCSettingController.m in Sources */ = {isa = PBXBuildFile; fileRef = BCE133961C2A4F30000D0E7C /* GCSettingController.m */; };
/* End PBXBuildFile section */

/* Begin PBXContainerItemProxy section */
		BC470EA91C17B9D5004DA99E /* PBXContainerItemProxy */ = {
			isa = PBXContainerItemProxy;
			containerPortal = BC470E871C17B9D4004DA99E /* Project object */;
			proxyType = 1;
			remoteGlobalIDString = BC470E8E1C17B9D4004DA99E;
			remoteInfo = GCMUMU;
		};
/* End PBXContainerItemProxy section */

/* Begin PBXFileReference section */
		3D1FF309354FD26070B88806 /* libPods.a */ = {isa = PBXFileReference; explicitFileType = archive.ar; includeInIndex = 0; path = libPods.a; sourceTree = BUILT_PRODUCTS_DIR; };
		B25C95ED5956A4ADF23681B3 /* Pods.release.xcconfig */ = {isa = PBXFileReference; includeInIndex = 1; lastKnownFileType = text.xcconfig; name = Pods.release.xcconfig; path = "Pods/Target Support Files/Pods/Pods.release.xcconfig"; sourceTree = "<group>"; };
		BC3969651C22547400347994 /* GCLoginController.h */ = {isa = PBXFileReference; fileEncoding = 4; lastKnownFileType = sourcecode.c.h; path = GCLoginController.h; sourceTree = "<group>"; };
		BC3969661C22547400347994 /* GCLoginController.m */ = {isa = PBXFileReference; fileEncoding = 4; lastKnownFileType = sourcecode.c.objc; path = GCLoginController.m; sourceTree = "<group>"; };
		BC3969671C22547400347994 /* GCLoginController.xib */ = {isa = PBXFileReference; fileEncoding = 4; lastKnownFileType = file.xib; path = GCLoginController.xib; sourceTree = "<group>"; };
		BC39696A1C225BA600347994 /* login.png */ = {isa = PBXFileReference; lastKnownFileType = image.png; path = login.png; sourceTree = "<group>"; };
		BC39696C1C225C6000347994 /* HR_login_textBg.png */ = {isa = PBXFileReference; lastKnownFileType = image.png; path = HR_login_textBg.png; sourceTree = "<group>"; };
		BC39696E1C2261FA00347994 /* HR_login_btn.png */ = {isa = PBXFileReference; lastKnownFileType = image.png; path = HR_login_btn.png; sourceTree = "<group>"; };
		BC3969701C2268CF00347994 /* HR_login_btnBg.png */ = {isa = PBXFileReference; lastKnownFileType = image.png; path = HR_login_btnBg.png; sourceTree = "<group>"; };
		BC3969721C2268F300347994 /* HR_login_qq.png */ = {isa = PBXFileReference; lastKnownFileType = image.png; path = HR_login_qq.png; sourceTree = "<group>"; };
		BC3969731C2268F300347994 /* HR_login_sina.png */ = {isa = PBXFileReference; lastKnownFileType = image.png; path = HR_login_sina.png; sourceTree = "<group>"; };
		BC3969761C22A1E700347994 /* GCAddController.h */ = {isa = PBXFileReference; fileEncoding = 4; lastKnownFileType = sourcecode.c.h; path = GCAddController.h; sourceTree = "<group>"; };
		BC3969771C22A1E700347994 /* GCAddController.m */ = {isa = PBXFileReference; fileEncoding = 4; lastKnownFileType = sourcecode.c.objc; path = GCAddController.m; sourceTree = "<group>"; };
		BC470E8F1C17B9D4004DA99E /* GCMUMU.app */ = {isa = PBXFileReference; explicitFileType = wrapper.application; includeInIndex = 0; path = GCMUMU.app; sourceTree = BUILT_PRODUCTS_DIR; };
		BC470E931C17B9D4004DA99E /* Info.plist */ = {isa = PBXFileReference; lastKnownFileType = text.plist.xml; path = Info.plist; sourceTree = "<group>"; };
		BC470E941C17B9D4004DA99E /* main.m */ = {isa = PBXFileReference; lastKnownFileType = sourcecode.c.objc; path = main.m; sourceTree = "<group>"; };
		BC470E961C17B9D5004DA99E /* AppDelegate.h */ = {isa = PBXFileReference; lastKnownFileType = sourcecode.c.h; path = AppDelegate.h; sourceTree = "<group>"; };
		BC470E971C17B9D5004DA99E /* AppDelegate.m */ = {isa = PBXFileReference; lastKnownFileType = sourcecode.c.objc; path = AppDelegate.m; sourceTree = "<group>"; };
		BC470E9D1C17B9D5004DA99E /* Base */ = {isa = PBXFileReference; lastKnownFileType = file.storyboard; name = Base; path = Base.lproj/Main.storyboard; sourceTree = "<group>"; };
		BC470E9F1C17B9D5004DA99E /* Images.xcassets */ = {isa = PBXFileReference; lastKnownFileType = folder.assetcatalog; path = Images.xcassets; sourceTree = "<group>"; };
		BC470EA21C17B9D5004DA99E /* Base */ = {isa = PBXFileReference; lastKnownFileType = file.xib; name = Base; path = Base.lproj/LaunchScreen.xib; sourceTree = "<group>"; };
		BC470EA81C17B9D5004DA99E /* GCMUMUTests.xctest */ = {isa = PBXFileReference; explicitFileType = wrapper.cfbundle; includeInIndex = 0; path = GCMUMUTests.xctest; sourceTree = BUILT_PRODUCTS_DIR; };
		BC470EAD1C17B9D5004DA99E /* Info.plist */ = {isa = PBXFileReference; lastKnownFileType = text.plist.xml; path = Info.plist; sourceTree = "<group>"; };
		BC470EAE1C17B9D5004DA99E /* GCMUMUTests.m */ = {isa = PBXFileReference; lastKnownFileType = sourcecode.c.objc; path = GCMUMUTests.m; sourceTree = "<group>"; };
		BC470ECD1C17CF95004DA99E /* GCTabBarController.h */ = {isa = PBXFileReference; fileEncoding = 4; lastKnownFileType = sourcecode.c.h; path = GCTabBarController.h; sourceTree = "<group>"; };
		BC470ECE1C17CF95004DA99E /* GCTabBarController.m */ = {isa = PBXFileReference; fileEncoding = 4; lastKnownFileType = sourcecode.c.objc; path = GCTabBarController.m; sourceTree = "<group>"; };
		BC470ED01C17CFE0004DA99E /* GCNavigationController.h */ = {isa = PBXFileReference; fileEncoding = 4; lastKnownFileType = sourcecode.c.h; path = GCNavigationController.h; sourceTree = "<group>"; };
		BC470ED11C17CFE0004DA99E /* GCNavigationController.m */ = {isa = PBXFileReference; fileEncoding = 4; lastKnownFileType = sourcecode.c.objc; path = GCNavigationController.m; sourceTree = "<group>"; };
		BC470ED31C17CFF4004DA99E /* GCBaseController.h */ = {isa = PBXFileReference; fileEncoding = 4; lastKnownFileType = sourcecode.c.h; path = GCBaseController.h; sourceTree = "<group>"; };
		BC470ED41C17CFF4004DA99E /* GCBaseController.m */ = {isa = PBXFileReference; fileEncoding = 4; lastKnownFileType = sourcecode.c.objc; path = GCBaseController.m; sourceTree = "<group>"; };
		BC470ED61C17D03D004DA99E /* GCDiscoverController.h */ = {isa = PBXFileReference; fileEncoding = 4; lastKnownFileType = sourcecode.c.h; path = GCDiscoverController.h; sourceTree = "<group>"; };
		BC470ED71C17D03D004DA99E /* GCDiscoverController.m */ = {isa = PBXFileReference; fileEncoding = 4; lastKnownFileType = sourcecode.c.objc; path = GCDiscoverController.m; sourceTree = "<group>"; };
		BC470ED91C17D05D004DA99E /* GCSessionController.h */ = {isa = PBXFileReference; fileEncoding = 4; lastKnownFileType = sourcecode.c.h; path = GCSessionController.h; sourceTree = "<group>"; };
		BC470EDA1C17D05D004DA99E /* GCSessionController.m */ = {isa = PBXFileReference; fileEncoding = 4; lastKnownFileType = sourcecode.c.objc; path = GCSessionController.m; sourceTree = "<group>"; };
		BC470EDC1C17D071004DA99E /* GCProfileController.h */ = {isa = PBXFileReference; fileEncoding = 4; lastKnownFileType = sourcecode.c.h; path = GCProfileController.h; sourceTree = "<group>"; };
		BC470EDD1C17D071004DA99E /* GCProfileController.m */ = {isa = PBXFileReference; fileEncoding = 4; lastKnownFileType = sourcecode.c.objc; path = GCProfileController.m; sourceTree = "<group>"; };
		BC470EE51C17D6A6004DA99E /* zh-Hans */ = {isa = PBXFileReference; lastKnownFileType = text.plist.strings; name = "zh-Hans"; path = "zh-Hans.lproj/LaunchScreen.strings"; sourceTree = "<group>"; };
		BC470EE61C17D6A6004DA99E /* zh-Hans */ = {isa = PBXFileReference; lastKnownFileType = text.plist.strings; name = "zh-Hans"; path = "zh-Hans.lproj/Main.strings"; sourceTree = "<group>"; };
		BC470EEB1C1800A8004DA99E /* Base */ = {isa = PBXFileReference; lastKnownFileType = text.plist.strings; name = Base; path = Base.lproj/Localizable.strings; sourceTree = "<group>"; };
		BC470EED1C1800AA004DA99E /* zh-Hans */ = {isa = PBXFileReference; lastKnownFileType = text.plist.strings; name = "zh-Hans"; path = "zh-Hans.lproj/Localizable.strings"; sourceTree = "<group>"; };
		BC470EEE1C1800AB004DA99E /* en */ = {isa = PBXFileReference; lastKnownFileType = text.plist.strings; name = en; path = en.lproj/Localizable.strings; sourceTree = "<group>"; };
		BC470EF01C1807DA004DA99E /* ORProgressHUD.bundle */ = {isa = PBXFileReference; lastKnownFileType = "wrapper.plug-in"; path = ORProgressHUD.bundle; sourceTree = "<group>"; };
		BC470EF11C1807DA004DA99E /* ORProgressHUD.h */ = {isa = PBXFileReference; fileEncoding = 4; lastKnownFileType = sourcecode.c.h; path = ORProgressHUD.h; sourceTree = "<group>"; };
		BC470EF21C1807DA004DA99E /* ORProgressHUD.m */ = {isa = PBXFileReference; fileEncoding = 4; lastKnownFileType = sourcecode.c.objc; path = ORProgressHUD.m; sourceTree = "<group>"; };
		BC470F2B1C194E5B004DA99E /* GCSlidingMenuController.h */ = {isa = PBXFileReference; fileEncoding = 4; lastKnownFileType = sourcecode.c.h; path = GCSlidingMenuController.h; sourceTree = "<group>"; };
		BC470F2C1C194E5B004DA99E /* GCSlidingMenuController.m */ = {isa = PBXFileReference; fileEncoding = 4; lastKnownFileType = sourcecode.c.objc; path = GCSlidingMenuController.m; sourceTree = "<group>"; };
		BC470F301C195141004DA99E /* tabbar_badge@2x.png */ = {isa = PBXFileReference; lastKnownFileType = image.png; path = "tabbar_badge@2x.png"; sourceTree = "<group>"; };
		BC470F311C195141004DA99E /* tabbar_badge@3x.png */ = {isa = PBXFileReference; lastKnownFileType = image.png; path = "tabbar_badge@3x.png"; sourceTree = "<group>"; };
		BC470F321C195141004DA99E /* tabbar_contacts@2x.png */ = {isa = PBXFileReference; lastKnownFileType = image.png; path = "tabbar_contacts@2x.png"; sourceTree = "<group>"; };
		BC470F331C195141004DA99E /* tabbar_contacts@3x.png */ = {isa = PBXFileReference; lastKnownFileType = image.png; path = "tabbar_contacts@3x.png"; sourceTree = "<group>"; };
		BC470F341C195141004DA99E /* tabbar_contactsHL@2x.png */ = {isa = PBXFileReference; lastKnownFileType = image.png; path = "tabbar_contactsHL@2x.png"; sourceTree = "<group>"; };
		BC470F351C195141004DA99E /* tabbar_contactsHL@3x.png */ = {isa = PBXFileReference; lastKnownFileType = image.png; path = "tabbar_contactsHL@3x.png"; sourceTree = "<group>"; };
		BC470F361C195141004DA99E /* tabbar_discover@2x.png */ = {isa = PBXFileReference; lastKnownFileType = image.png; path = "tabbar_discover@2x.png"; sourceTree = "<group>"; };
		BC470F371C195141004DA99E /* tabbar_discover@3x.png */ = {isa = PBXFileReference; lastKnownFileType = image.png; path = "tabbar_discover@3x.png"; sourceTree = "<group>"; };
		BC470F381C195141004DA99E /* tabbar_discoverHL@2x.png */ = {isa = PBXFileReference; lastKnownFileType = image.png; path = "tabbar_discoverHL@2x.png"; sourceTree = "<group>"; };
		BC470F391C195141004DA99E /* tabbar_discoverHL@3x.png */ = {isa = PBXFileReference; lastKnownFileType = image.png; path = "tabbar_discoverHL@3x.png"; sourceTree = "<group>"; };
		BC470F3A1C195141004DA99E /* tabbar_mainframe@2x.png */ = {isa = PBXFileReference; lastKnownFileType = image.png; path = "tabbar_mainframe@2x.png"; sourceTree = "<group>"; };
		BC470F3B1C195141004DA99E /* tabbar_mainframe@3x.png */ = {isa = PBXFileReference; lastKnownFileType = image.png; path = "tabbar_mainframe@3x.png"; sourceTree = "<group>"; };
		BC470F3C1C195141004DA99E /* tabbar_mainframeHL@2x.png */ = {isa = PBXFileReference; lastKnownFileType = image.png; path = "tabbar_mainframeHL@2x.png"; sourceTree = "<group>"; };
		BC470F3D1C195141004DA99E /* tabbar_mainframeHL@3x.png */ = {isa = PBXFileReference; lastKnownFileType = image.png; path = "tabbar_mainframeHL@3x.png"; sourceTree = "<group>"; };
		BC470F3E1C195141004DA99E /* tabbar_me@2x.png */ = {isa = PBXFileReference; lastKnownFileType = image.png; path = "tabbar_me@2x.png"; sourceTree = "<group>"; };
		BC470F3F1C195141004DA99E /* tabbar_me@3x.png */ = {isa = PBXFileReference; lastKnownFileType = image.png; path = "tabbar_me@3x.png"; sourceTree = "<group>"; };
		BC470F401C195141004DA99E /* tabbar_meHL@2x.png */ = {isa = PBXFileReference; lastKnownFileType = image.png; path = "tabbar_meHL@2x.png"; sourceTree = "<group>"; };
		BC470F411C195141004DA99E /* tabbar_meHL@3x.png */ = {isa = PBXFileReference; lastKnownFileType = image.png; path = "tabbar_meHL@3x.png"; sourceTree = "<group>"; };
		BC470F421C195141004DA99E /* tabbarBkg@2x.png */ = {isa = PBXFileReference; lastKnownFileType = image.png; path = "tabbarBkg@2x.png"; sourceTree = "<group>"; };
		BC470F561C1953E6004DA99E /* GCTabBar.h */ = {isa = PBXFileReference; fileEncoding = 4; lastKnownFileType = sourcecode.c.h; path = GCTabBar.h; sourceTree = "<group>"; };
		BC470F571C1953E6004DA99E /* GCTabBar.m */ = {isa = PBXFileReference; fileEncoding = 4; lastKnownFileType = sourcecode.c.objc; path = GCTabBar.m; sourceTree = "<group>"; };
		BC470F591C195483004DA99E /* GCTabBarButton.h */ = {isa = PBXFileReference; fileEncoding = 4; lastKnownFileType = sourcecode.c.h; path = GCTabBarButton.h; sourceTree = "<group>"; };
		BC470F5A1C195483004DA99E /* GCTabBarButton.m */ = {isa = PBXFileReference; fileEncoding = 4; lastKnownFileType = sourcecode.c.objc; path = GCTabBarButton.m; sourceTree = "<group>"; };
		BC470F5D1C195ADC004DA99E /* LaunchImage-568h@2x.png */ = {isa = PBXFileReference; lastKnownFileType = image.png; path = "LaunchImage-568h@2x.png"; sourceTree = "<group>"; };
		BC470F5E1C195ADC004DA99E /* LaunchImage-700-568h@2x.png */ = {isa = PBXFileReference; lastKnownFileType = image.png; path = "LaunchImage-700-568h@2x.png"; sourceTree = "<group>"; };
		BC470F5F1C195ADC004DA99E /* LaunchImage-700-Portrait@2x~ipad.png */ = {isa = PBXFileReference; lastKnownFileType = image.png; path = "LaunchImage-700-Portrait@2x~ipad.png"; sourceTree = "<group>"; };
		BC470F601C195ADC004DA99E /* LaunchImage-700@2x.png */ = {isa = PBXFileReference; lastKnownFileType = image.png; path = "LaunchImage-700@2x.png"; sourceTree = "<group>"; };
		BC470F611C195ADC004DA99E /* LaunchImage-800-667h@2x.png */ = {isa = PBXFileReference; lastKnownFileType = image.png; path = "LaunchImage-800-667h@2x.png"; sourceTree = "<group>"; };
		BC470F621C195ADC004DA99E /* LaunchImage-800-Portrait-736h@3x.png */ = {isa = PBXFileReference; lastKnownFileType = image.png; path = "LaunchImage-800-Portrait-736h@3x.png"; sourceTree = "<group>"; };
		BC470F631C195ADC004DA99E /* LaunchImage-Portrait@2x~ipad.png */ = {isa = PBXFileReference; lastKnownFileType = image.png; path = "LaunchImage-Portrait@2x~ipad.png"; sourceTree = "<group>"; };
		BC470F641C195ADC004DA99E /* LaunchImage.png */ = {isa = PBXFileReference; lastKnownFileType = image.png; path = LaunchImage.png; sourceTree = "<group>"; };
		BC470F651C195ADC004DA99E /* LaunchImage@2x.png */ = {isa = PBXFileReference; lastKnownFileType = image.png; path = "LaunchImage@2x.png"; sourceTree = "<group>"; };
		BC470F701C195B9B004DA99E /* group_remind_bg@2x.png */ = {isa = PBXFileReference; lastKnownFileType = image.png; path = "group_remind_bg@2x.png"; sourceTree = "<group>"; };
		BC470F721C19624E004DA99E /* HR_border.png */ = {isa = PBXFileReference; lastKnownFileType = image.png; path = HR_border.png; sourceTree = "<group>"; };
		BC470F741C19625B004DA99E /* HR_scan_line.png */ = {isa = PBXFileReference; lastKnownFileType = image.png; path = HR_scan_line.png; sourceTree = "<group>"; };
		BC470F761C19628C004DA99E /* class.png */ = {isa = PBXFileReference; lastKnownFileType = image.png; path = class.png; sourceTree = "<group>"; };
		BC470F781C1962A6004DA99E /* Nav_qrcode@2x.png */ = {isa = PBXFileReference; lastKnownFileType = image.png; path = "Nav_qrcode@2x.png"; sourceTree = "<group>"; };
		BC470F7A1C19649F004DA99E /* GCQrCodeController.h */ = {isa = PBXFileReference; fileEncoding = 4; lastKnownFileType = sourcecode.c.h; path = GCQrCodeController.h; sourceTree = "<group>"; };
		BC470F7B1C19649F004DA99E /* GCQrCodeController.m */ = {isa = PBXFileReference; fileEncoding = 4; lastKnownFileType = sourcecode.c.objc; path = GCQrCodeController.m; sourceTree = "<group>"; };
		BC470F7D1C1965C3004DA99E /* PrefixHeader.pch */ = {isa = PBXFileReference; lastKnownFileType = sourcecode.c.h; path = PrefixHeader.pch; sourceTree = "<group>"; };
		BC470F7F1C1966B9004DA99E /* Macros.h */ = {isa = PBXFileReference; lastKnownFileType = sourcecode.c.h; path = Macros.h; sourceTree = "<group>"; };
		BC757B031C2CE01C00D4BF76 /* GCGuideController.h */ = {isa = PBXFileReference; fileEncoding = 4; lastKnownFileType = sourcecode.c.h; path = GCGuideController.h; sourceTree = "<group>"; };
		BC757B041C2CE01C00D4BF76 /* GCGuideController.m */ = {isa = PBXFileReference; fileEncoding = 4; lastKnownFileType = sourcecode.c.objc; path = GCGuideController.m; sourceTree = "<group>"; };
		BC757B081C2CE60400D4BF76 /* mm.png */ = {isa = PBXFileReference; lastKnownFileType = image.png; path = mm.png; sourceTree = "<group>"; };
		BC757B0A1C2CED8000D4BF76 /* GCRegisterController.h */ = {isa = PBXFileReference; fileEncoding = 4; lastKnownFileType = sourcecode.c.h; path = GCRegisterController.h; sourceTree = "<group>"; };
		BC757B0B1C2CED8000D4BF76 /* GCRegisterController.m */ = {isa = PBXFileReference; fileEncoding = 4; lastKnownFileType = sourcecode.c.objc; path = GCRegisterController.m; sourceTree = "<group>"; };
		BC757B0C1C2CED8000D4BF76 /* GCRegisterController.xib */ = {isa = PBXFileReference; fileEncoding = 4; lastKnownFileType = file.xib; path = GCRegisterController.xib; sourceTree = "<group>"; };
		BCDF83CE1C27A64B00ACD1FC /* Friend.h */ = {isa = PBXFileReference; fileEncoding = 4; lastKnownFileType = sourcecode.c.h; path = Friend.h; sourceTree = "<group>"; };
		BCDF83CF1C27A64B00ACD1FC /* Friend.m */ = {isa = PBXFileReference; fileEncoding = 4; lastKnownFileType = sourcecode.c.objc; path = Friend.m; sourceTree = "<group>"; };
		BCDF83D11C27A8BD00ACD1FC /* GCDiscoverCell.h */ = {isa = PBXFileReference; fileEncoding = 4; lastKnownFileType = sourcecode.c.h; path = GCDiscoverCell.h; sourceTree = "<group>"; };
		BCDF83D21C27A8BD00ACD1FC /* GCDiscoverCell.m */ = {isa = PBXFileReference; fileEncoding = 4; lastKnownFileType = sourcecode.c.objc; path = GCDiscoverCell.m; sourceTree = "<group>"; };
		BCDF83D31C27A8BD00ACD1FC /* GCDiscoverCell.xib */ = {isa = PBXFileReference; fileEncoding = 4; lastKnownFileType = file.xib; path = GCDiscoverCell.xib; sourceTree = "<group>"; };
		BCDF83D61C27AD3A00ACD1FC /* GCInfo.h */ = {isa = PBXFileReference; fileEncoding = 4; lastKnownFileType = sourcecode.c.h; path = GCInfo.h; sourceTree = "<group>"; };
		BCDF83D71C27AD3A00ACD1FC /* GCInfo.m */ = {isa = PBXFileReference; fileEncoding = 4; lastKnownFileType = sourcecode.c.objc; path = GCInfo.m; sourceTree = "<group>"; };
		BCDF83DA1C27B1FB00ACD1FC /* food@2x.png */ = {isa = PBXFileReference; lastKnownFileType = image.png; path = "food@2x.png"; sourceTree = "<group>"; };
		BCDF83DB1C27B1FB00ACD1FC /* food@3x.png */ = {isa = PBXFileReference; lastKnownFileType = image.png; path = "food@3x.png"; sourceTree = "<group>"; };
		BCDF83DC1C27B1FB00ACD1FC /* game_level1@2x.png */ = {isa = PBXFileReference; lastKnownFileType = image.png; path = "game_level1@2x.png"; sourceTree = "<group>"; };
		BCDF83DD1C27B1FB00ACD1FC /* game_level2@2x.png */ = {isa = PBXFileReference; lastKnownFileType = image.png; path = "game_level2@2x.png"; sourceTree = "<group>"; };
		BCDF83DE1C27B1FB00ACD1FC /* game_level3@2x.png */ = {isa = PBXFileReference; lastKnownFileType = image.png; path = "game_level3@2x.png"; sourceTree = "<group>"; };
		BCDF83DF1C27B1FB00ACD1FC /* game_level4@2x.png */ = {isa = PBXFileReference; lastKnownFileType = image.png; path = "game_level4@2x.png"; sourceTree = "<group>"; };
		BCDF83E01C27B1FB00ACD1FC /* location_detail@2x.png */ = {isa = PBXFileReference; lastKnownFileType = image.png; path = "location_detail@2x.png"; sourceTree = "<group>"; };
		BCDF83E11C27B1FB00ACD1FC /* location_detail@3x.png */ = {isa = PBXFileReference; lastKnownFileType = image.png; path = "location_detail@3x.png"; sourceTree = "<group>"; };
		BCDF83E21C27B1FB00ACD1FC /* Location_HL@2x.png */ = {isa = PBXFileReference; lastKnownFileType = image.png; path = "Location_HL@2x.png"; sourceTree = "<group>"; };
		BCDF83E31C27B1FB00ACD1FC /* ShowAlbum@2x.png */ = {isa = PBXFileReference; lastKnownFileType = image.png; path = "ShowAlbum@2x.png"; sourceTree = "<group>"; };
		BCDF83E41C27B1FB00ACD1FC /* ShowAlbum@3x.png */ = {isa = PBXFileReference; lastKnownFileType = image.png; path = "ShowAlbum@3x.png"; sourceTree = "<group>"; };
		BCDF83E51C27B1FB00ACD1FC /* video@2x.png */ = {isa = PBXFileReference; lastKnownFileType = image.png; path = "video@2x.png"; sourceTree = "<group>"; };
		BCDF83F21C27CEEE00ACD1FC /* qrcode@2x.png */ = {isa = PBXFileReference; lastKnownFileType = image.png; path = "qrcode@2x.png"; sourceTree = "<group>"; };
		BCDF83F41C27D79400ACD1FC /* addgroup@2x.png */ = {isa = PBXFileReference; lastKnownFileType = image.png; path = "addgroup@2x.png"; sourceTree = "<group>"; };
		BCDF83F51C27D79400ACD1FC /* addgroup@3x.png */ = {isa = PBXFileReference; lastKnownFileType = image.png; path = "addgroup@3x.png"; sourceTree = "<group>"; };
		BCDF83F81C27DAD200ACD1FC /* ff_IconAdd@2x.png */ = {isa = PBXFileReference; lastKnownFileType = image.png; path = "ff_IconAdd@2x.png"; sourceTree = "<group>"; };
		BCDF83FA1C27DD8400ACD1FC /* FriendCell.h */ = {isa = PBXFileReference; fileEncoding = 4; lastKnownFileType = sourcecode.c.h; path = FriendCell.h; sourceTree = "<group>"; };
		BCDF83FB1C27DD8400ACD1FC /* FriendCell.m */ = {isa = PBXFileReference; fileEncoding = 4; lastKnownFileType = sourcecode.c.objc; path = FriendCell.m; sourceTree = "<group>"; };
		BCDF83FC1C27DD8400ACD1FC /* FriendCell.xib */ = {isa = PBXFileReference; fileEncoding = 4; lastKnownFileType = file.xib; path = FriendCell.xib; sourceTree = "<group>"; };
		BCDF83FF1C27FB5900ACD1FC /* GCNewFriendController.h */ = {isa = PBXFileReference; fileEncoding = 4; lastKnownFileType = sourcecode.c.h; path = GCNewFriendController.h; sourceTree = "<group>"; };
		BCDF84001C27FB5900ACD1FC /* GCNewFriendController.m */ = {isa = PBXFileReference; fileEncoding = 4; lastKnownFileType = sourcecode.c.objc; path = GCNewFriendController.m; sourceTree = "<group>"; };
		BCDF84051C28284000ACD1FC /* GCConversionCell.h */ = {isa = PBXFileReference; fileEncoding = 4; lastKnownFileType = sourcecode.c.h; path = GCConversionCell.h; sourceTree = "<group>"; };
		BCDF84061C28284000ACD1FC /* GCConversionCell.m */ = {isa = PBXFileReference; fileEncoding = 4; lastKnownFileType = sourcecode.c.objc; path = GCConversionCell.m; sourceTree = "<group>"; };
		BCDF84071C28284000ACD1FC /* GCConversionCell.xib */ = {isa = PBXFileReference; fileEncoding = 4; lastKnownFileType = file.xib; path = GCConversionCell.xib; sourceTree = "<group>"; };
		BCDF840B1C28F33C00ACD1FC /* MoreSetting@2x.png */ = {isa = PBXFileReference; lastKnownFileType = image.png; path = "MoreSetting@2x.png"; sourceTree = "<group>"; };
		BCDF840C1C28F33C00ACD1FC /* MoreSetting@3x.png */ = {isa = PBXFileReference; lastKnownFileType = image.png; path = "MoreSetting@3x.png"; sourceTree = "<group>"; };
		BCDF840F1C29006500ACD1FC /* GCChatController.h */ = {isa = PBXFileReference; fileEncoding = 4; lastKnownFileType = sourcecode.c.h; path = GCChatController.h; sourceTree = "<group>"; };
		BCDF84101C29006500ACD1FC /* GCChatController.m */ = {isa = PBXFileReference; fileEncoding = 4; lastKnownFileType = sourcecode.c.objc; path = GCChatController.m; sourceTree = "<group>"; };
		BCE1335A1C2939D5000D0E7C /* GCChatBottomView.h */ = {isa = PBXFileReference; fileEncoding = 4; lastKnownFileType = sourcecode.c.h; path = GCChatBottomView.h; sourceTree = "<group>"; };
		BCE1335B1C2939D5000D0E7C /* GCChatBottomView.m */ = {isa = PBXFileReference; fileEncoding = 4; lastKnownFileType = sourcecode.c.objc; path = GCChatBottomView.m; sourceTree = "<group>"; };
		BCE1335D1C2939E6000D0E7C /* GCChatBottomView.xib */ = {isa = PBXFileReference; fileEncoding = 4; lastKnownFileType = file.xib; path = GCChatBottomView.xib; sourceTree = "<group>"; };
		BCE133951C2A4F30000D0E7C /* GCSettingController.h */ = {isa = PBXFileReference; fileEncoding = 4; lastKnownFileType = sourcecode.c.h; path = GCSettingController.h; sourceTree = "<group>"; };
		BCE133961C2A4F30000D0E7C /* GCSettingController.m */ = {isa = PBXFileReference; fileEncoding = 4; lastKnownFileType = sourcecode.c.objc; path = GCSettingController.m; sourceTree = "<group>"; };
		E1A2D5FC7C241B775DD938C9 /* Pods.debug.xcconfig */ = {isa = PBXFileReference; includeInIndex = 1; lastKnownFileType = text.xcconfig; name = Pods.debug.xcconfig; path = "Pods/Target Support Files/Pods/Pods.debug.xcconfig"; sourceTree = "<group>"; };
/* End PBXFileReference section */

/* Begin PBXFrameworksBuildPhase section */
		BC470E8C1C17B9D4004DA99E /* Frameworks */ = {
			isa = PBXFrameworksBuildPhase;
			buildActionMask = 2147483647;
			files = (
				0C89E1EFD66B8BA656B29C16 /* libPods.a in Frameworks */,
			);
			runOnlyForDeploymentPostprocessing = 0;
		};
		BC470EA51C17B9D5004DA99E /* Frameworks */ = {
			isa = PBXFrameworksBuildPhase;
			buildActionMask = 2147483647;
			files = (
			);
			runOnlyForDeploymentPostprocessing = 0;
		};
/* End PBXFrameworksBuildPhase section */

/* Begin PBXGroup section */
		021C0C1606BC6D3AAFDB2517 /* Pods */ = {
			isa = PBXGroup;
			children = (
				E1A2D5FC7C241B775DD938C9 /* Pods.debug.xcconfig */,
				B25C95ED5956A4ADF23681B3 /* Pods.release.xcconfig */,
			);
			name = Pods;
			sourceTree = "<group>";
		};
		18012AFF29259CF7830AC713 /* Frameworks */ = {
			isa = PBXGroup;
			children = (
				3D1FF309354FD26070B88806 /* libPods.a */,
			);
			name = Frameworks;
			sourceTree = "<group>";
		};
		BC3969591C2253F500347994 /* Login */ = {
			isa = PBXGroup;
			children = (
				BC39695A1C2253F500347994 /* Controller */,
				BC39695B1C2253F500347994 /* Model */,
				BC39695C1C2253F500347994 /* View */,
			);
			path = Login;
			sourceTree = "<group>";
		};
		BC39695A1C2253F500347994 /* Controller */ = {
			isa = PBXGroup;
			children = (
				BC757B031C2CE01C00D4BF76 /* GCGuideController.h */,
				BC757B041C2CE01C00D4BF76 /* GCGuideController.m */,
				BC3969651C22547400347994 /* GCLoginController.h */,
				BC3969661C22547400347994 /* GCLoginController.m */,
				BC3969671C22547400347994 /* GCLoginController.xib */,
				BC757B0A1C2CED8000D4BF76 /* GCRegisterController.h */,
				BC757B0B1C2CED8000D4BF76 /* GCRegisterController.m */,
				BC757B0C1C2CED8000D4BF76 /* GCRegisterController.xib */,
			);
			path = Controller;
			sourceTree = "<group>";
		};
		BC39695B1C2253F500347994 /* Model */ = {
			isa = PBXGroup;
			children = (
			);
			path = Model;
			sourceTree = "<group>";
		};
		BC39695C1C2253F500347994 /* View */ = {
			isa = PBXGroup;
			children = (
			);
			path = View;
			sourceTree = "<group>";
		};
		BC470E861C17B9D3004DA99E = {
			isa = PBXGroup;
			children = (
				BC470E911C17B9D4004DA99E /* GCMUMU */,
				BC470EAB1C17B9D5004DA99E /* GCMUMUTests */,
				BC470E901C17B9D4004DA99E /* Products */,
				021C0C1606BC6D3AAFDB2517 /* Pods */,
				18012AFF29259CF7830AC713 /* Frameworks */,
			);
			sourceTree = "<group>";
		};
		BC470E901C17B9D4004DA99E /* Products */ = {
			isa = PBXGroup;
			children = (
				BC470E8F1C17B9D4004DA99E /* GCMUMU.app */,
				BC470EA81C17B9D5004DA99E /* GCMUMUTests.xctest */,
			);
			name = Products;
			sourceTree = "<group>";
		};
		BC470E911C17B9D4004DA99E /* GCMUMU */ = {
			isa = PBXGroup;
			children = (
				BC470F2E1C19512E004DA99E /* Resource */,
				BC470EC61C17C94A004DA99E /* Common */,
				BC470EB91C17C8FD004DA99E /* Lib */,
				BC470EB81C17C86C004DA99E /* MUMU */,
				BC470E921C17B9D4004DA99E /* Supporting Files */,
			);
			path = GCMUMU;
			sourceTree = "<group>";
		};
		BC470E921C17B9D4004DA99E /* Supporting Files */ = {
			isa = PBXGroup;
			children = (
				BC470E961C17B9D5004DA99E /* AppDelegate.h */,
				BC470E971C17B9D5004DA99E /* AppDelegate.m */,
				BC470EA11C17B9D5004DA99E /* LaunchScreen.xib */,
				BC470E9C1C17B9D5004DA99E /* Main.storyboard */,
				BC470E9F1C17B9D5004DA99E /* Images.xcassets */,
				BC470E931C17B9D4004DA99E /* Info.plist */,
				BC470E941C17B9D4004DA99E /* main.m */,
				BC470EEC1C1800A8004DA99E /* Localizable.strings */,
				BC470F7D1C1965C3004DA99E /* PrefixHeader.pch */,
			);
			name = "Supporting Files";
			sourceTree = "<group>";
		};
		BC470EAB1C17B9D5004DA99E /* GCMUMUTests */ = {
			isa = PBXGroup;
			children = (
				BC470EAE1C17B9D5004DA99E /* GCMUMUTests.m */,
				BC470EAC1C17B9D5004DA99E /* Supporting Files */,
			);
			path = GCMUMUTests;
			sourceTree = "<group>";
		};
		BC470EAC1C17B9D5004DA99E /* Supporting Files */ = {
			isa = PBXGroup;
			children = (
				BC470EAD1C17B9D5004DA99E /* Info.plist */,
			);
			name = "Supporting Files";
			sourceTree = "<group>";
		};
		BC470EB81C17C86C004DA99E /* MUMU */ = {
			isa = PBXGroup;
			children = (
				BC3969591C2253F500347994 /* Login */,
				BC470EBA1C17C923004DA99E /* Discover */,
				BC470EBE1C17C923004DA99E /* Main */,
				BC470EC21C17C923004DA99E /* Profile */,
			);
			path = MUMU;
			sourceTree = "<group>";
		};
		BC470EB91C17C8FD004DA99E /* Lib */ = {
			isa = PBXGroup;
			children = (
				BC470F2A1C194E5B004DA99E /* GCSlidingMenu */,
				BC470EEF1C1807DA004DA99E /* ORProgressHUD */,
			);
			path = Lib;
			sourceTree = "<group>";
		};
		BC470EBA1C17C923004DA99E /* Discover */ = {
			isa = PBXGroup;
			children = (
				BC470EBB1C17C923004DA99E /* Controller */,
				BC470EBC1C17C923004DA99E /* Model */,
				BC470EBD1C17C923004DA99E /* View */,
			);
			path = Discover;
			sourceTree = "<group>";
		};
		BC470EBB1C17C923004DA99E /* Controller */ = {
			isa = PBXGroup;
			children = (
				BC470ED61C17D03D004DA99E /* GCDiscoverController.h */,
				BC470ED71C17D03D004DA99E /* GCDiscoverController.m */,
				BCE133951C2A4F30000D0E7C /* GCSettingController.h */,
				BCE133961C2A4F30000D0E7C /* GCSettingController.m */,
			);
			path = Controller;
			sourceTree = "<group>";
		};
		BC470EBC1C17C923004DA99E /* Model */ = {
			isa = PBXGroup;
			children = (
				BCDF83D61C27AD3A00ACD1FC /* GCInfo.h */,
				BCDF83D71C27AD3A00ACD1FC /* GCInfo.m */,
			);
			path = Model;
			sourceTree = "<group>";
		};
		BC470EBD1C17C923004DA99E /* View */ = {
			isa = PBXGroup;
			children = (
				BCDF83D11C27A8BD00ACD1FC /* GCDiscoverCell.h */,
				BCDF83D21C27A8BD00ACD1FC /* GCDiscoverCell.m */,
				BCDF83D31C27A8BD00ACD1FC /* GCDiscoverCell.xib */,
			);
			path = View;
			sourceTree = "<group>";
		};
		BC470EBE1C17C923004DA99E /* Main */ = {
			isa = PBXGroup;
			children = (
				BC470EBF1C17C923004DA99E /* Controller */,
				BC470EC01C17C923004DA99E /* Model */,
				BC470EC11C17C923004DA99E /* View */,
			);
			path = Main;
			sourceTree = "<group>";
		};
		BC470EBF1C17C923004DA99E /* Controller */ = {
			isa = PBXGroup;
			children = (
				BC470ED91C17D05D004DA99E /* GCSessionController.h */,
				BC470EDA1C17D05D004DA99E /* GCSessionController.m */,
				BC470F7A1C19649F004DA99E /* GCQrCodeController.h */,
				BC470F7B1C19649F004DA99E /* GCQrCodeController.m */,
				BCDF840F1C29006500ACD1FC /* GCChatController.h */,
				BCDF84101C29006500ACD1FC /* GCChatController.m */,
			);
			path = Controller;
			sourceTree = "<group>";
		};
		BC470EC01C17C923004DA99E /* Model */ = {
			isa = PBXGroup;
			children = (
			);
			path = Model;
			sourceTree = "<group>";
		};
		BC470EC11C17C923004DA99E /* View */ = {
			isa = PBXGroup;
			children = (
				BCDF84051C28284000ACD1FC /* GCConversionCell.h */,
				BCDF84061C28284000ACD1FC /* GCConversionCell.m */,
				BCDF84071C28284000ACD1FC /* GCConversionCell.xib */,
				BCE1335A1C2939D5000D0E7C /* GCChatBottomView.h */,
				BCE1335B1C2939D5000D0E7C /* GCChatBottomView.m */,
				BCE1335D1C2939E6000D0E7C /* GCChatBottomView.xib */,
			);
			path = View;
			sourceTree = "<group>";
		};
		BC470EC21C17C923004DA99E /* Profile */ = {
			isa = PBXGroup;
			children = (
				BC470EC31C17C923004DA99E /* Controller */,
				BC470EC41C17C923004DA99E /* Model */,
				BC470EC51C17C923004DA99E /* View */,
			);
			path = Profile;
			sourceTree = "<group>";
		};
		BC470EC31C17C923004DA99E /* Controller */ = {
			isa = PBXGroup;
			children = (
				BC470EDC1C17D071004DA99E /* GCProfileController.h */,
				BC470EDD1C17D071004DA99E /* GCProfileController.m */,
				BCDF83FF1C27FB5900ACD1FC /* GCNewFriendController.h */,
				BCDF84001C27FB5900ACD1FC /* GCNewFriendController.m */,
				BC3969761C22A1E700347994 /* GCAddController.h */,
				BC3969771C22A1E700347994 /* GCAddController.m */,
			);
			path = Controller;
			sourceTree = "<group>";
		};
		BC470EC41C17C923004DA99E /* Model */ = {
			isa = PBXGroup;
			children = (
				BCDF83CE1C27A64B00ACD1FC /* Friend.h */,
				BCDF83CF1C27A64B00ACD1FC /* Friend.m */,
			);
			path = Model;
			sourceTree = "<group>";
		};
		BC470EC51C17C923004DA99E /* View */ = {
			isa = PBXGroup;
			children = (
				BCDF83FA1C27DD8400ACD1FC /* FriendCell.h */,
				BCDF83FB1C27DD8400ACD1FC /* FriendCell.m */,
				BCDF83FC1C27DD8400ACD1FC /* FriendCell.xib */,
			);
			path = View;
			sourceTree = "<group>";
		};
		BC470EC61C17C94A004DA99E /* Common */ = {
			isa = PBXGroup;
			children = (
				BC470F7F1C1966B9004DA99E /* Macros.h */,
				BC470EC71C17C94A004DA99E /* Controller */,
				BC470EC81C17C94A004DA99E /* Model */,
				BC470EC91C17C94A004DA99E /* View */,
			);
			path = Common;
			sourceTree = "<group>";
		};
		BC470EC71C17C94A004DA99E /* Controller */ = {
			isa = PBXGroup;
			children = (
				BC470ECD1C17CF95004DA99E /* GCTabBarController.h */,
				BC470ECE1C17CF95004DA99E /* GCTabBarController.m */,
				BC470ED01C17CFE0004DA99E /* GCNavigationController.h */,
				BC470ED11C17CFE0004DA99E /* GCNavigationController.m */,
				BC470ED31C17CFF4004DA99E /* GCBaseController.h */,
				BC470ED41C17CFF4004DA99E /* GCBaseController.m */,
			);
			path = Controller;
			sourceTree = "<group>";
		};
		BC470EC81C17C94A004DA99E /* Model */ = {
			isa = PBXGroup;
			children = (
			);
			path = Model;
			sourceTree = "<group>";
		};
		BC470EC91C17C94A004DA99E /* View */ = {
			isa = PBXGroup;
			children = (
				BC470F561C1953E6004DA99E /* GCTabBar.h */,
				BC470F571C1953E6004DA99E /* GCTabBar.m */,
				BC470F591C195483004DA99E /* GCTabBarButton.h */,
				BC470F5A1C195483004DA99E /* GCTabBarButton.m */,
			);
			path = View;
			sourceTree = "<group>";
		};
		BC470EEF1C1807DA004DA99E /* ORProgressHUD */ = {
			isa = PBXGroup;
			children = (
				BC470EF01C1807DA004DA99E /* ORProgressHUD.bundle */,
				BC470EF11C1807DA004DA99E /* ORProgressHUD.h */,
				BC470EF21C1807DA004DA99E /* ORProgressHUD.m */,
			);
			path = ORProgressHUD;
			sourceTree = "<group>";
		};
		BC470F2A1C194E5B004DA99E /* GCSlidingMenu */ = {
			isa = PBXGroup;
			children = (
				BC470F2B1C194E5B004DA99E /* GCSlidingMenuController.h */,
				BC470F2C1C194E5B004DA99E /* GCSlidingMenuController.m */,
			);
			path = GCSlidingMenu;
			sourceTree = "<group>";
		};
		BC470F2E1C19512E004DA99E /* Resource */ = {
			isa = PBXGroup;
			children = (
				BCDF83D91C27B1B300ACD1FC /* Discover */,
				BC470F6F1C195B9B004DA99E /* Bg */,
				BC470F5C1C195ADC004DA99E /* Launch */,
				BC470F2F1C195141004DA99E /* Tabbar */,
			);
			path = Resource;
			sourceTree = "<group>";
		};
		BC470F2F1C195141004DA99E /* Tabbar */ = {
			isa = PBXGroup;
			children = (
				BC470F301C195141004DA99E /* tabbar_badge@2x.png */,
				BC470F311C195141004DA99E /* tabbar_badge@3x.png */,
				BC470F321C195141004DA99E /* tabbar_contacts@2x.png */,
				BC470F331C195141004DA99E /* tabbar_contacts@3x.png */,
				BC470F341C195141004DA99E /* tabbar_contactsHL@2x.png */,
				BC470F351C195141004DA99E /* tabbar_contactsHL@3x.png */,
				BC470F361C195141004DA99E /* tabbar_discover@2x.png */,
				BC470F371C195141004DA99E /* tabbar_discover@3x.png */,
				BC470F381C195141004DA99E /* tabbar_discoverHL@2x.png */,
				BC470F391C195141004DA99E /* tabbar_discoverHL@3x.png */,
				BC470F3A1C195141004DA99E /* tabbar_mainframe@2x.png */,
				BC470F3B1C195141004DA99E /* tabbar_mainframe@3x.png */,
				BC470F3C1C195141004DA99E /* tabbar_mainframeHL@2x.png */,
				BC470F3D1C195141004DA99E /* tabbar_mainframeHL@3x.png */,
				BC470F3E1C195141004DA99E /* tabbar_me@2x.png */,
				BC470F3F1C195141004DA99E /* tabbar_me@3x.png */,
				BC470F401C195141004DA99E /* tabbar_meHL@2x.png */,
				BC470F411C195141004DA99E /* tabbar_meHL@3x.png */,
				BC470F421C195141004DA99E /* tabbarBkg@2x.png */,
			);
			path = Tabbar;
			sourceTree = "<group>";
		};
		BC470F5C1C195ADC004DA99E /* Launch */ = {
			isa = PBXGroup;
			children = (
				BC470F5D1C195ADC004DA99E /* LaunchImage-568h@2x.png */,
				BC470F5E1C195ADC004DA99E /* LaunchImage-700-568h@2x.png */,
				BC470F5F1C195ADC004DA99E /* LaunchImage-700-Portrait@2x~ipad.png */,
				BC470F601C195ADC004DA99E /* LaunchImage-700@2x.png */,
				BC470F611C195ADC004DA99E /* LaunchImage-800-667h@2x.png */,
				BC470F621C195ADC004DA99E /* LaunchImage-800-Portrait-736h@3x.png */,
				BC470F631C195ADC004DA99E /* LaunchImage-Portrait@2x~ipad.png */,
				BC470F641C195ADC004DA99E /* LaunchImage.png */,
				BC470F651C195ADC004DA99E /* LaunchImage@2x.png */,
			);
			path = Launch;
			sourceTree = "<group>";
		};
		BC470F6F1C195B9B004DA99E /* Bg */ = {
			isa = PBXGroup;
			children = (
				BC39696A1C225BA600347994 /* login.png */,
				BC470F761C19628C004DA99E /* class.png */,
				BC470F721C19624E004DA99E /* HR_border.png */,
				BC470F701C195B9B004DA99E /* group_remind_bg@2x.png */,
				BC470F741C19625B004DA99E /* HR_scan_line.png */,
				BC470F781C1962A6004DA99E /* Nav_qrcode@2x.png */,
				BC39696C1C225C6000347994 /* HR_login_textBg.png */,
				BC39696E1C2261FA00347994 /* HR_login_btn.png */,
				BC3969701C2268CF00347994 /* HR_login_btnBg.png */,
				BC3969721C2268F300347994 /* HR_login_qq.png */,
				BC3969731C2268F300347994 /* HR_login_sina.png */,
			);
			path = Bg;
			sourceTree = "<group>";
		};
		BCDF83D91C27B1B300ACD1FC /* Discover */ = {
			isa = PBXGroup;
			children = (
				BC757B081C2CE60400D4BF76 /* mm.png */,
				BCDF840B1C28F33C00ACD1FC /* MoreSetting@2x.png */,
				BCDF840C1C28F33C00ACD1FC /* MoreSetting@3x.png */,
				BCDF83F81C27DAD200ACD1FC /* ff_IconAdd@2x.png */,
				BCDF83F41C27D79400ACD1FC /* addgroup@2x.png */,
				BCDF83F51C27D79400ACD1FC /* addgroup@3x.png */,
				BCDF83DA1C27B1FB00ACD1FC /* food@2x.png */,
				BCDF83DB1C27B1FB00ACD1FC /* food@3x.png */,
				BCDF83F21C27CEEE00ACD1FC /* qrcode@2x.png */,
				BCDF83DC1C27B1FB00ACD1FC /* game_level1@2x.png */,
				BCDF83DD1C27B1FB00ACD1FC /* game_level2@2x.png */,
				BCDF83DE1C27B1FB00ACD1FC /* game_level3@2x.png */,
				BCDF83DF1C27B1FB00ACD1FC /* game_level4@2x.png */,
				BCDF83E01C27B1FB00ACD1FC /* location_detail@2x.png */,
				BCDF83E11C27B1FB00ACD1FC /* location_detail@3x.png */,
				BCDF83E21C27B1FB00ACD1FC /* Location_HL@2x.png */,
				BCDF83E31C27B1FB00ACD1FC /* ShowAlbum@2x.png */,
				BCDF83E41C27B1FB00ACD1FC /* ShowAlbum@3x.png */,
				BCDF83E51C27B1FB00ACD1FC /* video@2x.png */,
			);
			name = Discover;
			sourceTree = "<group>";
		};
/* End PBXGroup section */

/* Begin PBXNativeTarget section */
		BC470E8E1C17B9D4004DA99E /* GCMUMU */ = {
			isa = PBXNativeTarget;
			buildConfigurationList = BC470EB21C17B9D5004DA99E /* Build configuration list for PBXNativeTarget "GCMUMU" */;
			buildPhases = (
				EABC68B8A74D10D5AE7CF286 /* Check Pods Manifest.lock */,
				BC470E8B1C17B9D4004DA99E /* Sources */,
				BC470E8C1C17B9D4004DA99E /* Frameworks */,
				BC470E8D1C17B9D4004DA99E /* Resources */,
				70E8BEA765B02CDCE4F51C8E /* Embed Pods Frameworks */,
				BD53A13367589033F956A892 /* Copy Pods Resources */,
			);
			buildRules = (
			);
			dependencies = (
			);
			name = GCMUMU;
			productName = GCMUMU;
			productReference = BC470E8F1C17B9D4004DA99E /* GCMUMU.app */;
			productType = "com.apple.product-type.application";
		};
		BC470EA71C17B9D5004DA99E /* GCMUMUTests */ = {
			isa = PBXNativeTarget;
			buildConfigurationList = BC470EB51C17B9D5004DA99E /* Build configuration list for PBXNativeTarget "GCMUMUTests" */;
			buildPhases = (
				BC470EA41C17B9D5004DA99E /* Sources */,
				BC470EA51C17B9D5004DA99E /* Frameworks */,
				BC470EA61C17B9D5004DA99E /* Resources */,
			);
			buildRules = (
			);
			dependencies = (
				BC470EAA1C17B9D5004DA99E /* PBXTargetDependency */,
			);
			name = GCMUMUTests;
			productName = GCMUMUTests;
			productReference = BC470EA81C17B9D5004DA99E /* GCMUMUTests.xctest */;
			productType = "com.apple.product-type.bundle.unit-test";
		};
/* End PBXNativeTarget section */

/* Begin PBXProject section */
		BC470E871C17B9D4004DA99E /* Project object */ = {
			isa = PBXProject;
			attributes = {
				LastUpgradeCheck = 0640;
				ORGANIZATIONNAME = lucius;
				TargetAttributes = {
					BC470E8E1C17B9D4004DA99E = {
						CreatedOnToolsVersion = 6.4;
					};
					BC470EA71C17B9D5004DA99E = {
						CreatedOnToolsVersion = 6.4;
						TestTargetID = BC470E8E1C17B9D4004DA99E;
					};
				};
			};
			buildConfigurationList = BC470E8A1C17B9D4004DA99E /* Build configuration list for PBXProject "GCMUMU" */;
			compatibilityVersion = "Xcode 3.2";
			developmentRegion = English;
			hasScannedForEncodings = 0;
			knownRegions = (
				en,
				Base,
				"zh-Hans",
			);
			mainGroup = BC470E861C17B9D3004DA99E;
			productRefGroup = BC470E901C17B9D4004DA99E /* Products */;
			projectDirPath = "";
			projectRoot = "";
			targets = (
				BC470E8E1C17B9D4004DA99E /* GCMUMU */,
				BC470EA71C17B9D5004DA99E /* GCMUMUTests */,
			);
		};
/* End PBXProject section */

/* Begin PBXResourcesBuildPhase section */
		BC470E8D1C17B9D4004DA99E /* Resources */ = {
			isa = PBXResourcesBuildPhase;
			buildActionMask = 2147483647;
			files = (
				BC470F6D1C195ADC004DA99E /* LaunchImage.png in Resources */,
				BC470F541C195141004DA99E /* tabbar_meHL@3x.png in Resources */,
				BC470F6C1C195ADC004DA99E /* LaunchImage-Portrait@2x~ipad.png in Resources */,
				BC757B091C2CE60400D4BF76 /* mm.png in Resources */,
				BCDF840E1C28F33C00ACD1FC /* MoreSetting@3x.png in Resources */,
				BC470E9E1C17B9D5004DA99E /* Main.storyboard in Resources */,
				BCDF83EC1C27B1FB00ACD1FC /* location_detail@2x.png in Resources */,
				BC470F441C195141004DA99E /* tabbar_badge@3x.png in Resources */,
				BC470F6A1C195ADC004DA99E /* LaunchImage-800-667h@2x.png in Resources */,
				BC470EEA1C1800A8004DA99E /* Localizable.strings in Resources */,
				BCDF840D1C28F33C00ACD1FC /* MoreSetting@2x.png in Resources */,
				BC470EA31C17B9D5004DA99E /* LaunchScreen.xib in Resources */,
				BC470F691C195ADC004DA99E /* LaunchImage-700@2x.png in Resources */,
				BCDF83F01C27B1FB00ACD1FC /* ShowAlbum@3x.png in Resources */,
				BC470F481C195141004DA99E /* tabbar_contactsHL@3x.png in Resources */,
				BCE1335E1C2939E6000D0E7C /* GCChatBottomView.xib in Resources */,
				BCDF83ED1C27B1FB00ACD1FC /* location_detail@3x.png in Resources */,
				BC470F4C1C195141004DA99E /* tabbar_discoverHL@3x.png in Resources */,
				BC470F491C195141004DA99E /* tabbar_discover@2x.png in Resources */,
				BC470EF31C1807DA004DA99E /* ORProgressHUD.bundle in Resources */,
				BCDF83E61C27B1FB00ACD1FC /* food@2x.png in Resources */,
				BC470F4E1C195141004DA99E /* tabbar_mainframe@3x.png in Resources */,
				BC470F671C195ADC004DA99E /* LaunchImage-700-568h@2x.png in Resources */,
				BC470F471C195141004DA99E /* tabbar_contactsHL@2x.png in Resources */,
				BCDF83E71C27B1FB00ACD1FC /* food@3x.png in Resources */,
				BC470F711C195B9B004DA99E /* group_remind_bg@2x.png in Resources */,
				BCDF83F61C27D79400ACD1FC /* addgroup@2x.png in Resources */,
				BC39696D1C225C6000347994 /* HR_login_textBg.png in Resources */,
				BC757B0E1C2CED8000D4BF76 /* GCRegisterController.xib in Resources */,
				BCDF83F71C27D79400ACD1FC /* addgroup@3x.png in Resources */,
				BCDF83EB1C27B1FB00ACD1FC /* game_level4@2x.png in Resources */,
				BCDF83D51C27A8BD00ACD1FC /* GCDiscoverCell.xib in Resources */,
				BC470F451C195141004DA99E /* tabbar_contacts@2x.png in Resources */,
				BC470F521C195141004DA99E /* tabbar_me@3x.png in Resources */,
				BC470F771C19628C004DA99E /* class.png in Resources */,
				BC470F461C195141004DA99E /* tabbar_contacts@3x.png in Resources */,
				BCDF83FE1C27DD8400ACD1FC /* FriendCell.xib in Resources */,
				BC39696B1C225BA600347994 /* login.png in Resources */,
				BCDF83F11C27B1FB00ACD1FC /* video@2x.png in Resources */,
				BCDF83F91C27DAD200ACD1FC /* ff_IconAdd@2x.png in Resources */,
				BC470F4A1C195141004DA99E /* tabbar_discover@3x.png in Resources */,
				BC470F4B1C195141004DA99E /* tabbar_discoverHL@2x.png in Resources */,
				BCDF83E91C27B1FB00ACD1FC /* game_level2@2x.png in Resources */,
				BC470F731C19624E004DA99E /* HR_border.png in Resources */,
				BC470F431C195141004DA99E /* tabbar_badge@2x.png in Resources */,
				BC470F791C1962A6004DA99E /* Nav_qrcode@2x.png in Resources */,
				BC470EA01C17B9D5004DA99E /* Images.xcassets in Resources */,
				BC3969741C2268F300347994 /* HR_login_qq.png in Resources */,
				BCDF83EA1C27B1FB00ACD1FC /* game_level3@2x.png in Resources */,
				BC3969691C22547400347994 /* GCLoginController.xib in Resources */,
				BCDF83EF1C27B1FB00ACD1FC /* ShowAlbum@2x.png in Resources */,
				BC470F4D1C195141004DA99E /* tabbar_mainframe@2x.png in Resources */,
				BC3969751C2268F300347994 /* HR_login_sina.png in Resources */,
				BC470F531C195141004DA99E /* tabbar_meHL@2x.png in Resources */,
				BC470F6E1C195ADC004DA99E /* LaunchImage@2x.png in Resources */,
				BC470F4F1C195141004DA99E /* tabbar_mainframeHL@2x.png in Resources */,
				BC39696F1C2261FA00347994 /* HR_login_btn.png in Resources */,
				BCDF83F31C27CEEE00ACD1FC /* qrcode@2x.png in Resources */,
				BCDF84091C28284000ACD1FC /* GCConversionCell.xib in Resources */,
				BC470F551C195141004DA99E /* tabbarBkg@2x.png in Resources */,
				BC470F661C195ADC004DA99E /* LaunchImage-568h@2x.png in Resources */,
				BC3969711C2268CF00347994 /* HR_login_btnBg.png in Resources */,
				BC470F511C195141004DA99E /* tabbar_me@2x.png in Resources */,
				BCDF83E81C27B1FB00ACD1FC /* game_level1@2x.png in Resources */,
				BC470F751C19625B004DA99E /* HR_scan_line.png in Resources */,
				BC470F681C195ADC004DA99E /* LaunchImage-700-Portrait@2x~ipad.png in Resources */,
				BC470F6B1C195ADC004DA99E /* LaunchImage-800-Portrait-736h@3x.png in Resources */,
				BC470F501C195141004DA99E /* tabbar_mainframeHL@3x.png in Resources */,
				BCDF83EE1C27B1FB00ACD1FC /* Location_HL@2x.png in Resources */,
			);
			runOnlyForDeploymentPostprocessing = 0;
		};
		BC470EA61C17B9D5004DA99E /* Resources */ = {
			isa = PBXResourcesBuildPhase;
			buildActionMask = 2147483647;
			files = (
			);
			runOnlyForDeploymentPostprocessing = 0;
		};
/* End PBXResourcesBuildPhase section */

/* Begin PBXShellScriptBuildPhase section */
		70E8BEA765B02CDCE4F51C8E /* Embed Pods Frameworks */ = {
			isa = PBXShellScriptBuildPhase;
			buildActionMask = 2147483647;
			files = (
			);
			inputPaths = (
			);
			name = "Embed Pods Frameworks";
			outputPaths = (
			);
			runOnlyForDeploymentPostprocessing = 0;
			shellPath = /bin/sh;
			shellScript = "\"${SRCROOT}/Pods/Target Support Files/Pods/Pods-frameworks.sh\"\n";
			showEnvVarsInLog = 0;
		};
		BD53A13367589033F956A892 /* Copy Pods Resources */ = {
			isa = PBXShellScriptBuildPhase;
			buildActionMask = 2147483647;
			files = (
			);
			inputPaths = (
			);
			name = "Copy Pods Resources";
			outputPaths = (
			);
			runOnlyForDeploymentPostprocessing = 0;
			shellPath = /bin/sh;
			shellScript = "\"${SRCROOT}/Pods/Target Support Files/Pods/Pods-resources.sh\"\n";
			showEnvVarsInLog = 0;
		};
		EABC68B8A74D10D5AE7CF286 /* Check Pods Manifest.lock */ = {
			isa = PBXShellScriptBuildPhase;
			buildActionMask = 2147483647;
			files = (
			);
			inputPaths = (
			);
			name = "Check Pods Manifest.lock";
			outputPaths = (
			);
			runOnlyForDeploymentPostprocessing = 0;
			shellPath = /bin/sh;
			shellScript = "diff \"${PODS_ROOT}/../Podfile.lock\" \"${PODS_ROOT}/Manifest.lock\" > /dev/null\nif [[ $? != 0 ]] ; then\n    cat << EOM\nerror: The sandbox is not in sync with the Podfile.lock. Run 'pod install' or update your CocoaPods installation.\nEOM\n    exit 1\nfi\n";
			showEnvVarsInLog = 0;
		};
/* End PBXShellScriptBuildPhase section */

/* Begin PBXSourcesBuildPhase section */
		BC470E8B1C17B9D4004DA99E /* Sources */ = {
			isa = PBXSourcesBuildPhase;
			buildActionMask = 2147483647;
			files = (
				BC470F581C1953E6004DA99E /* GCTabBar.m in Sources */,
				BCDF83D41C27A8BD00ACD1FC /* GCDiscoverCell.m in Sources */,
				BC470F5B1C195483004DA99E /* GCTabBarButton.m in Sources */,
				BC470EDB1C17D05D004DA99E /* GCSessionController.m in Sources */,
				BCE1335C1C2939D5000D0E7C /* GCChatBottomView.m in Sources */,
				BC3969681C22547400347994 /* GCLoginController.m in Sources */,
				BCDF83D81C27AD3A00ACD1FC /* GCInfo.m in Sources */,
				BC470E981C17B9D5004DA99E /* AppDelegate.m in Sources */,
				BC470ED21C17CFE0004DA99E /* GCNavigationController.m in Sources */,
				BC3969781C22A1E700347994 /* GCAddController.m in Sources */,
				BC470EF41C1807DA004DA99E /* ORProgressHUD.m in Sources */,
				BCDF84011C27FB5900ACD1FC /* GCNewFriendController.m in Sources */,
				BC470F7C1C19649F004DA99E /* GCQrCodeController.m in Sources */,
				BC470ED81C17D03D004DA99E /* GCDiscoverController.m in Sources */,
				BCDF84121C29006500ACD1FC /* GCChatController.m in Sources */,
				BC757B051C2CE01C00D4BF76 /* GCGuideController.m in Sources */,
				BC470E951C17B9D4004DA99E /* main.m in Sources */,
				BCDF83FD1C27DD8400ACD1FC /* FriendCell.m in Sources */,
				BCDF83D01C27A64B00ACD1FC /* Friend.m in Sources */,
				BC470ECF1C17CF95004DA99E /* GCTabBarController.m in Sources */,
				BC757B0D1C2CED8000D4BF76 /* GCRegisterController.m in Sources */,
				BC470ED51C17CFF4004DA99E /* GCBaseController.m in Sources */,
				BCE133971C2A4F30000D0E7C /* GCSettingController.m in Sources */,
				BC470EDE1C17D071004DA99E /* GCProfileController.m in Sources */,
				BC470F2D1C194E5B004DA99E /* GCSlidingMenuController.m in Sources */,
				BCDF84081C28284000ACD1FC /* GCConversionCell.m in Sources */,
			);
			runOnlyForDeploymentPostprocessing = 0;
		};
		BC470EA41C17B9D5004DA99E /* Sources */ = {
			isa = PBXSourcesBuildPhase;
			buildActionMask = 2147483647;
			files = (
				BC470EAF1C17B9D5004DA99E /* GCMUMUTests.m in Sources */,
			);
			runOnlyForDeploymentPostprocessing = 0;
		};
/* End PBXSourcesBuildPhase section */

/* Begin PBXTargetDependency section */
		BC470EAA1C17B9D5004DA99E /* PBXTargetDependency */ = {
			isa = PBXTargetDependency;
			target = BC470E8E1C17B9D4004DA99E /* GCMUMU */;
			targetProxy = BC470EA91C17B9D5004DA99E /* PBXContainerItemProxy */;
		};
/* End PBXTargetDependency section */

/* Begin PBXVariantGroup section */
		BC470E9C1C17B9D5004DA99E /* Main.storyboard */ = {
			isa = PBXVariantGroup;
			children = (
				BC470E9D1C17B9D5004DA99E /* Base */,
				BC470EE61C17D6A6004DA99E /* zh-Hans */,
			);
			name = Main.storyboard;
			sourceTree = "<group>";
		};
		BC470EA11C17B9D5004DA99E /* LaunchScreen.xib */ = {
			isa = PBXVariantGroup;
			children = (
				BC470EA21C17B9D5004DA99E /* Base */,
				BC470EE51C17D6A6004DA99E /* zh-Hans */,
			);
			name = LaunchScreen.xib;
			sourceTree = "<group>";
		};
		BC470EEC1C1800A8004DA99E /* Localizable.strings */ = {
			isa = PBXVariantGroup;
			children = (
				BC470EEB1C1800A8004DA99E /* Base */,
				BC470EED1C1800AA004DA99E /* zh-Hans */,
				BC470EEE1C1800AB004DA99E /* en */,
			);
			name = Localizable.strings;
			sourceTree = "<group>";
		};
/* End PBXVariantGroup section */

/* Begin XCBuildConfiguration section */
		BC470EB01C17B9D5004DA99E /* Debug */ = {
			isa = XCBuildConfiguration;
			buildSettings = {
				ALWAYS_SEARCH_USER_PATHS = NO;
				CLANG_CXX_LANGUAGE_STANDARD = "gnu++0x";
				CLANG_CXX_LIBRARY = "libc++";
				CLANG_ENABLE_MODULES = YES;
				CLANG_ENABLE_OBJC_ARC = YES;
				CLANG_WARN_BOOL_CONVERSION = YES;
				CLANG_WARN_CONSTANT_CONVERSION = YES;
				CLANG_WARN_DIRECT_OBJC_ISA_USAGE = YES_ERROR;
				CLANG_WARN_EMPTY_BODY = YES;
				CLANG_WARN_ENUM_CONVERSION = YES;
				CLANG_WARN_INT_CONVERSION = YES;
				CLANG_WARN_OBJC_ROOT_CLASS = YES_ERROR;
				CLANG_WARN_UNREACHABLE_CODE = YES;
				CLANG_WARN__DUPLICATE_METHOD_MATCH = YES;
				"CODE_SIGN_IDENTITY[sdk=iphoneos*]" = "iPhone Developer";
				COPY_PHASE_STRIP = NO;
				DEBUG_INFORMATION_FORMAT = "dwarf-with-dsym";
				ENABLE_STRICT_OBJC_MSGSEND = YES;
				GCC_C_LANGUAGE_STANDARD = gnu99;
				GCC_DYNAMIC_NO_PIC = NO;
				GCC_NO_COMMON_BLOCKS = YES;
				GCC_OPTIMIZATION_LEVEL = 0;
				GCC_PREPROCESSOR_DEFINITIONS = (
					"DEBUG=1",
					"$(inherited)",
				);
				GCC_SYMBOLS_PRIVATE_EXTERN = NO;
				GCC_WARN_64_TO_32_BIT_CONVERSION = YES;
				GCC_WARN_ABOUT_RETURN_TYPE = YES_ERROR;
				GCC_WARN_UNDECLARED_SELECTOR = YES;
				GCC_WARN_UNINITIALIZED_AUTOS = YES_AGGRESSIVE;
				GCC_WARN_UNUSED_FUNCTION = YES;
				GCC_WARN_UNUSED_VARIABLE = YES;
				IPHONEOS_DEPLOYMENT_TARGET = 7.0;
				MTL_ENABLE_DEBUG_INFO = YES;
				ONLY_ACTIVE_ARCH = YES;
				SDKROOT = iphoneos;
			};
			name = Debug;
		};
		BC470EB11C17B9D5004DA99E /* Release */ = {
			isa = XCBuildConfiguration;
			buildSettings = {
				ALWAYS_SEARCH_USER_PATHS = NO;
				CLANG_CXX_LANGUAGE_STANDARD = "gnu++0x";
				CLANG_CXX_LIBRARY = "libc++";
				CLANG_ENABLE_MODULES = YES;
				CLANG_ENABLE_OBJC_ARC = YES;
				CLANG_WARN_BOOL_CONVERSION = YES;
				CLANG_WARN_CONSTANT_CONVERSION = YES;
				CLANG_WARN_DIRECT_OBJC_ISA_USAGE = YES_ERROR;
				CLANG_WARN_EMPTY_BODY = YES;
				CLANG_WARN_ENUM_CONVERSION = YES;
				CLANG_WARN_INT_CONVERSION = YES;
				CLANG_WARN_OBJC_ROOT_CLASS = YES_ERROR;
				CLANG_WARN_UNREACHABLE_CODE = YES;
				CLANG_WARN__DUPLICATE_METHOD_MATCH = YES;
				"CODE_SIGN_IDENTITY[sdk=iphoneos*]" = "iPhone Developer";
				COPY_PHASE_STRIP = NO;
				DEBUG_INFORMATION_FORMAT = "dwarf-with-dsym";
				ENABLE_NS_ASSERTIONS = NO;
				ENABLE_STRICT_OBJC_MSGSEND = YES;
				GCC_C_LANGUAGE_STANDARD = gnu99;
				GCC_NO_COMMON_BLOCKS = YES;
				GCC_WARN_64_TO_32_BIT_CONVERSION = YES;
				GCC_WARN_ABOUT_RETURN_TYPE = YES_ERROR;
				GCC_WARN_UNDECLARED_SELECTOR = YES;
				GCC_WARN_UNINITIALIZED_AUTOS = YES_AGGRESSIVE;
				GCC_WARN_UNUSED_FUNCTION = YES;
				GCC_WARN_UNUSED_VARIABLE = YES;
				IPHONEOS_DEPLOYMENT_TARGET = 7.0;
				MTL_ENABLE_DEBUG_INFO = NO;
				SDKROOT = iphoneos;
				VALIDATE_PRODUCT = YES;
			};
			name = Release;
		};
		BC470EB31C17B9D5004DA99E /* Debug */ = {
			isa = XCBuildConfiguration;
			baseConfigurationReference = E1A2D5FC7C241B775DD938C9 /* Pods.debug.xcconfig */;
			buildSettings = {
				ASSETCATALOG_COMPILER_APPICON_NAME = AppIcon;
				ASSETCATALOG_COMPILER_LAUNCHIMAGE_NAME = LaunchImage;
				CODE_SIGN_IDENTITY = "iPhone Developer";
				GCC_PREFIX_HEADER = "$(SRCROOT)/GCMUMU/PrefixHeader.pch";
				INFOPLIST_FILE = GCMUMU/Info.plist;
				LD_RUNPATH_SEARCH_PATHS = "$(inherited) @executable_path/Frameworks";
				PRODUCT_NAME = "$(TARGET_NAME)";
			};
			name = Debug;
		};
		BC470EB41C17B9D5004DA99E /* Release */ = {
			isa = XCBuildConfiguration;
			baseConfigurationReference = B25C95ED5956A4ADF23681B3 /* Pods.release.xcconfig */;
			buildSettings = {
				ASSETCATALOG_COMPILER_APPICON_NAME = AppIcon;
				ASSETCATALOG_COMPILER_LAUNCHIMAGE_NAME = LaunchImage;
				CODE_SIGN_IDENTITY = "iPhone Developer";
				GCC_PREFIX_HEADER = "$(SRCROOT)/GCMUMU/PrefixHeader.pch";
				INFOPLIST_FILE = GCMUMU/Info.plist;
				LD_RUNPATH_SEARCH_PATHS = "$(inherited) @executable_path/Frameworks";
				PRODUCT_NAME = "$(TARGET_NAME)";
			};
			name = Release;
		};
		BC470EB61C17B9D5004DA99E /* Debug */ = {
			isa = XCBuildConfiguration;
			buildSettings = {
				BUNDLE_LOADER = "$(TEST_HOST)";
				FRAMEWORK_SEARCH_PATHS = (
					"$(SDKROOT)/Developer/Library/Frameworks",
					"$(inherited)",
				);
				GCC_PREPROCESSOR_DEFINITIONS = (
					"DEBUG=1",
					"$(inherited)",
				);
				INFOPLIST_FILE = GCMUMUTests/Info.plist;
				LD_RUNPATH_SEARCH_PATHS = "$(inherited) @executable_path/Frameworks @loader_path/Frameworks";
				PRODUCT_NAME = "$(TARGET_NAME)";
				TEST_HOST = "$(BUILT_PRODUCTS_DIR)/GCMUMU.app/GCMUMU";
			};
			name = Debug;
		};
		BC470EB71C17B9D5004DA99E /* Release */ = {
			isa = XCBuildConfiguration;
			buildSettings = {
				BUNDLE_LOADER = "$(TEST_HOST)";
				FRAMEWORK_SEARCH_PATHS = (
					"$(SDKROOT)/Developer/Library/Frameworks",
					"$(inherited)",
				);
				INFOPLIST_FILE = GCMUMUTests/Info.plist;
				LD_RUNPATH_SEARCH_PATHS = "$(inherited) @executable_path/Frameworks @loader_path/Frameworks";
				PRODUCT_NAME = "$(TARGET_NAME)";
				TEST_HOST = "$(BUILT_PRODUCTS_DIR)/GCMUMU.app/GCMUMU";
			};
			name = Release;
		};
/* End XCBuildConfiguration section */

/* Begin XCConfigurationList section */
		BC470E8A1C17B9D4004DA99E /* Build configuration list for PBXProject "GCMUMU" */ = {
			isa = XCConfigurationList;
			buildConfigurations = (
				BC470EB01C17B9D5004DA99E /* Debug */,
				BC470EB11C17B9D5004DA99E /* Release */,
			);
			defaultConfigurationIsVisible = 0;
			defaultConfigurationName = Release;
		};
		BC470EB21C17B9D5004DA99E /* Build configuration list for PBXNativeTarget "GCMUMU" */ = {
			isa = XCConfigurationList;
			buildConfigurations = (
				BC470EB31C17B9D5004DA99E /* Debug */,
				BC470EB41C17B9D5004DA99E /* Release */,
			);
			defaultConfigurationIsVisible = 0;
			defaultConfigurationName = Release;
		};
		BC470EB51C17B9D5004DA99E /* Build configuration list for PBXNativeTarget "GCMUMUTests" */ = {
			isa = XCConfigurationList;
			buildConfigurations = (
				BC470EB61C17B9D5004DA99E /* Debug */,
				BC470EB71C17B9D5004DA99E /* Release */,
			);
			defaultConfigurationIsVisible = 0;
			defaultConfigurationName = Release;
		};
/* End XCConfigurationList section */
	};
	rootObject = BC470E871C17B9D4004DA99E /* Project object */;
}
